
Microsoft Visual Studio Solution File, Format Version 12.00
# Visual Studio Version 17
VisualStudioVersion = 17.14.36202.13
MinimumVisualStudioVersion = 10.0.40219.1
Project("{8BC9CEB8-8B4A-11D0-8D11-00A0C91BC942}") = "rc2WxWidgets", "rc2WxWidgets\rc2WxWidgets.vcxproj", "{B398C144-B081-4C01-A188-E679A4A60EAD}"
	ProjectSection(ProjectDependencies) = postProject
		{A94CEA6A-ACCF-4EF1-84A4-419A2C787181} = {A94CEA6A-ACCF-4EF1-84A4-419A2C787181}
	EndProjectSection
EndProject
Project("{8BC9CEB8-8B4A-11D0-8D11-00A0C91BC942}") = "rc2WxWidgetsTest", "..\rc2WxWidgetsTest\rc2WxWidgetsTest.vcxproj", "{24A3ADAD-C320-4ADF-81BF-0E66D124BCD8}"
EndProject
Project("{8BC9CEB8-8B4A-11D0-8D11-00A0C91BC942}") = "rc2WxWidgetsLib", "rc2WxWidgetsLib\rc2WxWidgetsLib.vcxproj", "{A94CEA6A-ACCF-4EF1-84A4-419A2C787181}"
EndProject
Global
	GlobalSection(SolutionConfigurationPlatforms) = preSolution
		Debug|x64 = Debug|x64
		Release|x64 = Release|x64
	EndGlobalSection
	GlobalSection(ProjectConfigurationPlatforms) = postSolution
		{B398C144-B081-4C01-A188-E679A4A60EAD}.Debug|x64.ActiveCfg = Debug|x64
		{B398C144-B081-4C01-A188-E679A4A60EAD}.Debug|x64.Build.0 = Debug|x64
		{B398C144-B081-4C01-A188-E679A4A60EAD}.Release|x64.ActiveCfg = Release|x64
		{B398C144-B081-4C01-A188-E679A4A60EAD}.Release|x64.Build.0 = Release|x64
		{24A3ADAD-C320-4ADF-81BF-0E66D124BCD8}.Debug|x64.ActiveCfg = Debug|x64
		{24A3ADAD-C320-4ADF-81BF-0E66D124BCD8}.Debug|x64.Build.0 = Debug|x64
		{24A3ADAD-C320-4ADF-81BF-0E66D124BCD8}.Release|x64.ActiveCfg = Release|x64
		{24A3ADAD-C320-4ADF-81BF-0E66D124BCD8}.Release|x64.Build.0 = Release|x64
		{A94CEA6A-ACCF-4EF1-84A4-419A2C787181}.Debug|x64.ActiveCfg = Debug|x64
		{A94CEA6A-ACCF-4EF1-84A4-419A2C787181}.Debug|x64.Build.0 = Debug|x64
		{A94CEA6A-ACCF-4EF1-84A4-419A2C787181}.Release|x64.ActiveCfg = Release|x64
		{A94CEA6A-ACCF-4EF1-84A4-419A2C787181}.Release|x64.Build.0 = Release|x64
	EndGlobalSection
	GlobalSection(SolutionProperties) = preSolution
		HideSolutionNode = FALSE
	EndGlobalSection
	GlobalSection(ExtensibilityGlobals) = postSolution
		SolutionGuid = {CA81BBBB-7DC5-45E3-B2D1-DE830C290C1A}
	EndGlobalSection
EndGlobal
