
Microsoft Visual Studio Solution File, Format Version 12.00
# Visual Studio Version 17
VisualStudioVersion = 17.14.36202.13
MinimumVisualStudioVersion = 10.0.40219.1
Project("{8BC9CEB8-8B4A-11D0-8D11-00A0C91BC942}") = "rc2WxWidgets", "rc2WxWidgets.vcxproj", "{B398C144-B081-4C01-A188-E679A4A60EAD}"
EndProject
Project("{8BC9CEB8-8B4A-11D0-8D11-00A0C91BC942}") = "utilities", "..\..\Combined\utilities\build\vs2022\x64\utilities.vcxproj", "{3F07284D-2602-3BB0-8DB0-1C7B4D44DAD4}"
EndProject
Global
	GlobalSection(SolutionConfigurationPlatforms) = preSolution
		Debug|x64 = Debug|x64
		Debug|x86 = Debug|x86
		Release|x64 = Release|x64
		Release|x86 = Release|x86
	EndGlobalSection
	GlobalSection(ProjectConfigurationPlatforms) = postSolution
		{B398C144-B081-4C01-A188-E679A4A60EAD}.Debug|x64.ActiveCfg = Debug|x64
		{B398C144-B081-4C01-A188-E679A4A60EAD}.Debug|x64.Build.0 = Debug|x64
		{B398C144-B081-4C01-A188-E679A4A60EAD}.Debug|x86.ActiveCfg = Debug|Win32
		{B398C144-B081-4C01-A188-E679A4A60EAD}.Debug|x86.Build.0 = Debug|Win32
		{B398C144-B081-4C01-A188-E679A4A60EAD}.Release|x64.ActiveCfg = Release|x64
		{B398C144-B081-4C01-A188-E679A4A60EAD}.Release|x64.Build.0 = Release|x64
		{B398C144-B081-4C01-A188-E679A4A60EAD}.Release|x86.ActiveCfg = Release|Win32
		{B398C144-B081-4C01-A188-E679A4A60EAD}.Release|x86.Build.0 = Release|Win32
		{3F07284D-2602-3BB0-8DB0-1C7B4D44DAD4}.Debug|x64.ActiveCfg = Debug|x64
		{3F07284D-2602-3BB0-8DB0-1C7B4D44DAD4}.Debug|x64.Build.0 = Debug|x64
		{3F07284D-2602-3BB0-8DB0-1C7B4D44DAD4}.Debug|x86.ActiveCfg = Debug|x64
		{3F07284D-2602-3BB0-8DB0-1C7B4D44DAD4}.Debug|x86.Build.0 = Debug|x64
		{3F07284D-2602-3BB0-8DB0-1C7B4D44DAD4}.Release|x64.ActiveCfg = Release|x64
		{3F07284D-2602-3BB0-8DB0-1C7B4D44DAD4}.Release|x64.Build.0 = Release|x64
		{3F07284D-2602-3BB0-8DB0-1C7B4D44DAD4}.Release|x86.ActiveCfg = Release|x64
		{3F07284D-2602-3BB0-8DB0-1C7B4D44DAD4}.Release|x86.Build.0 = Release|x64
	EndGlobalSection
	GlobalSection(SolutionProperties) = preSolution
		HideSolutionNode = FALSE
	EndGlobalSection
	GlobalSection(ExtensibilityGlobals) = postSolution
		SolutionGuid = {CA81BBBB-7DC5-45E3-B2D1-DE830C290C1A}
	EndGlobalSection
EndGlobal
